golang.org/x/crypto v0.0.0-20220131195533-30dcbda58838 h1:71vQrMauZZhcTVK6KdYM+rklehEEwb3E+ZhaE5jrPrE=
golang.org/x/crypto v0.0.0-20220131195533-30dcbda58838/go.mod h1:IxCIyHEi3zRg3s0A5j5BB6A9Jmi73HwBIUl50j+osU4=
golang.org/x/net v0.0.0-20211112202133-69e39bad7dc2/go.mod h1:9nx3DQGgdP8bBQD5qxJ1jj9UTztislL4KSBs9R2vV5Y=
golang.org/x/sys v0.0.0-20201119102817-f84b799fce68/go.mod h1:h1NjWce9XRLGQEsW7wpKNCjG9DtNlClVuFLEZdDNbEs=
golang.org/x/sys v0.0.0-20210423082822-04245dca01da/go.mod h1:h1NjWce9XRLGQEsW7wpKNCjG9DtNlClVuFLEZdDNbEs=
golang.org/x/sys v0.0.0-20210615035016-665e8c7367d1 h1:SrN+KX8Art/Sf4HNj6Zcz06G7VEz+7w9tdXTPOZ7+l4=
golang.org/x/sys v0.0.0-20210615035016-665e8c7367d1/go.mod h1:oPkhp1MJrh7nUepCBck5+mAzfO9JrbApNNgaTdGDITg=
golang.org/x/term v0.0.0-20201126162022-7de9c90e9dd1/go.mod h1:bj7SfCRtBDWHUb9snDiAeCFNEtKQo2Wmx5Cou7ajbmo=
golang.org/x/text v0.3.6/go.mod h1:5Zoc/QRtKVWzQhOtBMvqHzDpF6irO9z98xDceosuGiQ=
golang.org/x/tools v0.0.0-20180917221912-90fa682c2a6e/go.mod h1:n7NCudcB/nEzxVGmLbDWY5pfWTLqBcC2KZ6jyYvM4mQ=
gopkg.in/hlandau/easymetric.v1 v1.0.0 h1:ZbfbH7W3giuVDjWUoFhDOjjv20hiPr5HZ2yMV5f9IeE=
gopkg.in/hlandau/easymetric.v1 v1.0.0/go.mod h1:yh75hypuFzAxmvECh3ZKGCvFnIfapYJh2wv7ASaX2RE=
gopkg.in/hlandau/measurable.v1 v1.0.1 h1:wH5UZKCRUnRr1iD+xIZfwhtxhmr+bprRJttqA1Rklf4=
gopkg.in/hlandau/measurable.v1 v1.0.1/go.mod h1:6N+SYJGMTmetsx7wskULP+juuO+++tsHJkAgzvzsbuM=
gopkg.in/hlandau/passlib.v1 v1.0.11 h1:vKeHwGRdWBD9mm4bJ56GAAdBXpFUYvg/BYYkmphjnmA=
gopkg.in/hlandau/passlib.v1 v1.0.11/go.mod h1:wxGAv2CtQHlzWY8NJp+p045yl4WHyX7v2T6XbOcmqjM=
